
Microsoft Visual Studio Solution File, Format Version 12.00
# Visual Studio Version 16
VisualStudioVersion = 16.0.29306.81
MinimumVisualStudioVersion = 10.0.40219.1
Project("{FAE04EC0-301F-11D3-BF4B-00C04F79EFBC}") = "TesteMessagingCenter.UWP", "TesteMessagingCenter\TesteMessagingCenter.UWP\TesteMessagingCenter.UWP.csproj", "{751358E6-936F-45D1-84FC-B1B9A1C925B0}"
EndProject
Project("{FAE04EC0-301F-11D3-BF4B-00C04F79EFBC}") = "TesteMessagingCenter.Android", "TesteMessagingCenter\TesteMessagingCenter.Android\TesteMessagingCenter.Android.csproj", "{FE2F4565-A2CB-4974-9907-F720DD3AAB23}"
EndProject
Project("{FAE04EC0-301F-11D3-BF4B-00C04F79EFBC}") = "TesteMessagingCenter.iOS", "TesteMessagingCenter\TesteMessagingCenter.iOS\TesteMessagingCenter.iOS.csproj", "{72B19B36-77AB-42E6-8D80-11FA57DDAB5D}"
EndProject
Project("{FAE04EC0-301F-11D3-BF4B-00C04F79EFBC}") = "TesteMessagingCenter", "TesteMessagingCenter\TesteMessagingCenter\TesteMessagingCenter.csproj", "{2CBEE74A-B404-4577-9D45-619D3E3933DC}"
EndProject
Global
	GlobalSection(SolutionConfigurationPlatforms) = preSolution
		Debug|Any CPU = Debug|Any CPU
		Debug|ARM = Debug|ARM
		Debug|iPhone = Debug|iPhone
		Debug|iPhoneSimulator = Debug|iPhoneSimulator
		Debug|x64 = Debug|x64
		Debug|x86 = Debug|x86
		Release|Any CPU = Release|Any CPU
		Release|ARM = Release|ARM
		Release|iPhone = Release|iPhone
		Release|iPhoneSimulator = Release|iPhoneSimulator
		Release|x64 = Release|x64
		Release|x86 = Release|x86
	EndGlobalSection
	GlobalSection(ProjectConfigurationPlatforms) = postSolution
		{751358E6-936F-45D1-84FC-B1B9A1C925B0}.Debug|Any CPU.ActiveCfg = Debug|x86
		{751358E6-936F-45D1-84FC-B1B9A1C925B0}.Debug|Any CPU.Build.0 = Debug|x86
		{751358E6-936F-45D1-84FC-B1B9A1C925B0}.Debug|Any CPU.Deploy.0 = Debug|x86
		{751358E6-936F-45D1-84FC-B1B9A1C925B0}.Debug|ARM.ActiveCfg = Debug|ARM
		{751358E6-936F-45D1-84FC-B1B9A1C925B0}.Debug|ARM.Build.0 = Debug|ARM
		{751358E6-936F-45D1-84FC-B1B9A1C925B0}.Debug|ARM.Deploy.0 = Debug|ARM
		{751358E6-936F-45D1-84FC-B1B9A1C925B0}.Debug|iPhone.ActiveCfg = Debug|x86
		{751358E6-936F-45D1-84FC-B1B9A1C925B0}.Debug|iPhone.Build.0 = Debug|x86
		{751358E6-936F-45D1-84FC-B1B9A1C925B0}.Debug|iPhone.Deploy.0 = Debug|x86
		{751358E6-936F-45D1-84FC-B1B9A1C925B0}.Debug|iPhoneSimulator.ActiveCfg = Debug|x86
		{751358E6-936F-45D1-84FC-B1B9A1C925B0}.Debug|iPhoneSimulator.Build.0 = Debug|x86
		{751358E6-936F-45D1-84FC-B1B9A1C925B0}.Debug|iPhoneSimulator.Deploy.0 = Debug|x86
		{751358E6-936F-45D1-84FC-B1B9A1C925B0}.Debug|x64.ActiveCfg = Debug|x64
		{751358E6-936F-45D1-84FC-B1B9A1C925B0}.Debug|x64.Build.0 = Debug|x64
		{751358E6-936F-45D1-84FC-B1B9A1C925B0}.Debug|x64.Deploy.0 = Debug|x64
		{751358E6-936F-45D1-84FC-B1B9A1C925B0}.Debug|x86.ActiveCfg = Debug|x86
		{751358E6-936F-45D1-84FC-B1B9A1C925B0}.Debug|x86.Build.0 = Debug|x86
		{751358E6-936F-45D1-84FC-B1B9A1C925B0}.Debug|x86.Deploy.0 = Debug|x86
		{751358E6-936F-45D1-84FC-B1B9A1C925B0}.Release|Any CPU.ActiveCfg = Release|x86
		{751358E6-936F-45D1-84FC-B1B9A1C925B0}.Release|Any CPU.Build.0 = Release|x86
		{751358E6-936F-45D1-84FC-B1B9A1C925B0}.Release|Any CPU.Deploy.0 = Release|x86
		{751358E6-936F-45D1-84FC-B1B9A1C925B0}.Release|ARM.ActiveCfg = Release|ARM
		{751358E6-936F-45D1-84FC-B1B9A1C925B0}.Release|ARM.Build.0 = Release|ARM
		{751358E6-936F-45D1-84FC-B1B9A1C925B0}.Release|ARM.Deploy.0 = Release|ARM
		{751358E6-936F-45D1-84FC-B1B9A1C925B0}.Release|iPhone.ActiveCfg = Release|x86
		{751358E6-936F-45D1-84FC-B1B9A1C925B0}.Release|iPhone.Build.0 = Release|x86
		{751358E6-936F-45D1-84FC-B1B9A1C925B0}.Release|iPhone.Deploy.0 = Release|x86
		{751358E6-936F-45D1-84FC-B1B9A1C925B0}.Release|iPhoneSimulator.ActiveCfg = Release|x86
		{751358E6-936F-45D1-84FC-B1B9A1C925B0}.Release|iPhoneSimulator.Build.0 = Release|x86
		{751358E6-936F-45D1-84FC-B1B9A1C925B0}.Release|iPhoneSimulator.Deploy.0 = Release|x86
		{751358E6-936F-45D1-84FC-B1B9A1C925B0}.Release|x64.ActiveCfg = Release|x64
		{751358E6-936F-45D1-84FC-B1B9A1C925B0}.Release|x64.Build.0 = Release|x64
		{751358E6-936F-45D1-84FC-B1B9A1C925B0}.Release|x64.Deploy.0 = Release|x64
		{751358E6-936F-45D1-84FC-B1B9A1C925B0}.Release|x86.ActiveCfg = Release|x86
		{751358E6-936F-45D1-84FC-B1B9A1C925B0}.Release|x86.Build.0 = Release|x86
		{751358E6-936F-45D1-84FC-B1B9A1C925B0}.Release|x86.Deploy.0 = Release|x86
		{FE2F4565-A2CB-4974-9907-F720DD3AAB23}.Debug|Any CPU.ActiveCfg = Debug|Any CPU
		{FE2F4565-A2CB-4974-9907-F720DD3AAB23}.Debug|Any CPU.Build.0 = Debug|Any CPU
		{FE2F4565-A2CB-4974-9907-F720DD3AAB23}.Debug|Any CPU.Deploy.0 = Debug|Any CPU
		{FE2F4565-A2CB-4974-9907-F720DD3AAB23}.Debug|ARM.ActiveCfg = Debug|Any CPU
		{FE2F4565-A2CB-4974-9907-F720DD3AAB23}.Debug|ARM.Build.0 = Debug|Any CPU
		{FE2F4565-A2CB-4974-9907-F720DD3AAB23}.Debug|ARM.Deploy.0 = Debug|Any CPU
		{FE2F4565-A2CB-4974-9907-F720DD3AAB23}.Debug|iPhone.ActiveCfg = Debug|Any CPU
		{FE2F4565-A2CB-4974-9907-F720DD3AAB23}.Debug|iPhone.Build.0 = Debug|Any CPU
		{FE2F4565-A2CB-4974-9907-F720DD3AAB23}.Debug|iPhone.Deploy.0 = Debug|Any CPU
		{FE2F4565-A2CB-4974-9907-F720DD3AAB23}.Debug|iPhoneSimulator.ActiveCfg = Debug|Any CPU
		{FE2F4565-A2CB-4974-9907-F720DD3AAB23}.Debug|iPhoneSimulator.Build.0 = Debug|Any CPU
		{FE2F4565-A2CB-4974-9907-F720DD3AAB23}.Debug|iPhoneSimulator.Deploy.0 = Debug|Any CPU
		{FE2F4565-A2CB-4974-9907-F720DD3AAB23}.Debug|x64.ActiveCfg = Debug|Any CPU
		{FE2F4565-A2CB-4974-9907-F720DD3AAB23}.Debug|x64.Build.0 = Debug|Any CPU
		{FE2F4565-A2CB-4974-9907-F720DD3AAB23}.Debug|x64.Deploy.0 = Debug|Any CPU
		{FE2F4565-A2CB-4974-9907-F720DD3AAB23}.Debug|x86.ActiveCfg = Debug|Any CPU
		{FE2F4565-A2CB-4974-9907-F720DD3AAB23}.Debug|x86.Build.0 = Debug|Any CPU
		{FE2F4565-A2CB-4974-9907-F720DD3AAB23}.Debug|x86.Deploy.0 = Debug|Any CPU
		{FE2F4565-A2CB-4974-9907-F720DD3AAB23}.Release|Any CPU.ActiveCfg = Release|Any CPU
		{FE2F4565-A2CB-4974-9907-F720DD3AAB23}.Release|Any CPU.Build.0 = Release|Any CPU
		{FE2F4565-A2CB-4974-9907-F720DD3AAB23}.Release|Any CPU.Deploy.0 = Release|Any CPU
		{FE2F4565-A2CB-4974-9907-F720DD3AAB23}.Release|ARM.ActiveCfg = Release|Any CPU
		{FE2F4565-A2CB-4974-9907-F720DD3AAB23}.Release|ARM.Build.0 = Release|Any CPU
		{FE2F4565-A2CB-4974-9907-F720DD3AAB23}.Release|ARM.Deploy.0 = Release|Any CPU
		{FE2F4565-A2CB-4974-9907-F720DD3AAB23}.Release|iPhone.ActiveCfg = Release|Any CPU
		{FE2F4565-A2CB-4974-9907-F720DD3AAB23}.Release|iPhone.Build.0 = Release|Any CPU
		{FE2F4565-A2CB-4974-9907-F720DD3AAB23}.Release|iPhone.Deploy.0 = Release|Any CPU
		{FE2F4565-A2CB-4974-9907-F720DD3AAB23}.Release|iPhoneSimulator.ActiveCfg = Release|Any CPU
		{FE2F4565-A2CB-4974-9907-F720DD3AAB23}.Release|iPhoneSimulator.Build.0 = Release|Any CPU
		{FE2F4565-A2CB-4974-9907-F720DD3AAB23}.Release|iPhoneSimulator.Deploy.0 = Release|Any CPU
		{FE2F4565-A2CB-4974-9907-F720DD3AAB23}.Release|x64.ActiveCfg = Release|Any CPU
		{FE2F4565-A2CB-4974-9907-F720DD3AAB23}.Release|x64.Build.0 = Release|Any CPU
		{FE2F4565-A2CB-4974-9907-F720DD3AAB23}.Release|x64.Deploy.0 = Release|Any CPU
		{FE2F4565-A2CB-4974-9907-F720DD3AAB23}.Release|x86.ActiveCfg = Release|Any CPU
		{FE2F4565-A2CB-4974-9907-F720DD3AAB23}.Release|x86.Build.0 = Release|Any CPU
		{FE2F4565-A2CB-4974-9907-F720DD3AAB23}.Release|x86.Deploy.0 = Release|Any CPU
		{72B19B36-77AB-42E6-8D80-11FA57DDAB5D}.Debug|Any CPU.ActiveCfg = Debug|iPhone
		{72B19B36-77AB-42E6-8D80-11FA57DDAB5D}.Debug|Any CPU.Build.0 = Debug|iPhone
		{72B19B36-77AB-42E6-8D80-11FA57DDAB5D}.Debug|Any CPU.Deploy.0 = Debug|iPhone
		{72B19B36-77AB-42E6-8D80-11FA57DDAB5D}.Debug|ARM.ActiveCfg = Debug|iPhoneSimulator
		{72B19B36-77AB-42E6-8D80-11FA57DDAB5D}.Debug|ARM.Build.0 = Debug|iPhoneSimulator
		{72B19B36-77AB-42E6-8D80-11FA57DDAB5D}.Debug|ARM.Deploy.0 = Debug|iPhoneSimulator
		{72B19B36-77AB-42E6-8D80-11FA57DDAB5D}.Debug|iPhone.ActiveCfg = Debug|iPhone
		{72B19B36-77AB-42E6-8D80-11FA57DDAB5D}.Debug|iPhone.Build.0 = Debug|iPhone
		{72B19B36-77AB-42E6-8D80-11FA57DDAB5D}.Debug|iPhone.Deploy.0 = Debug|iPhone
		{72B19B36-77AB-42E6-8D80-11FA57DDAB5D}.Debug|iPhoneSimulator.ActiveCfg = Debug|iPhoneSimulator
		{72B19B36-77AB-42E6-8D80-11FA57DDAB5D}.Debug|iPhoneSimulator.Build.0 = Debug|iPhoneSimulator
		{72B19B36-77AB-42E6-8D80-11FA57DDAB5D}.Debug|iPhoneSimulator.Deploy.0 = Debug|iPhoneSimulator
		{72B19B36-77AB-42E6-8D80-11FA57DDAB5D}.Debug|x64.ActiveCfg = Debug|iPhone
		{72B19B36-77AB-42E6-8D80-11FA57DDAB5D}.Debug|x64.Build.0 = Debug|iPhone
		{72B19B36-77AB-42E6-8D80-11FA57DDAB5D}.Debug|x64.Deploy.0 = Debug|iPhone
		{72B19B36-77AB-42E6-8D80-11FA57DDAB5D}.Debug|x86.ActiveCfg = Debug|iPhone
		{72B19B36-77AB-42E6-8D80-11FA57DDAB5D}.Debug|x86.Build.0 = Debug|iPhone
		{72B19B36-77AB-42E6-8D80-11FA57DDAB5D}.Debug|x86.Deploy.0 = Debug|iPhone
		{72B19B36-77AB-42E6-8D80-11FA57DDAB5D}.Release|Any CPU.ActiveCfg = Release|iPhone
		{72B19B36-77AB-42E6-8D80-11FA57DDAB5D}.Release|Any CPU.Build.0 = Release|iPhone
		{72B19B36-77AB-42E6-8D80-11FA57DDAB5D}.Release|Any CPU.Deploy.0 = Release|iPhone
		{72B19B36-77AB-42E6-8D80-11FA57DDAB5D}.Release|ARM.ActiveCfg = Release|iPhone
		{72B19B36-77AB-42E6-8D80-11FA57DDAB5D}.Release|ARM.Build.0 = Release|iPhone
		{72B19B36-77AB-42E6-8D80-11FA57DDAB5D}.Release|ARM.Deploy.0 = Release|iPhone
		{72B19B36-77AB-42E6-8D80-11FA57DDAB5D}.Release|iPhone.ActiveCfg = Release|iPhone
		{72B19B36-77AB-42E6-8D80-11FA57DDAB5D}.Release|iPhone.Build.0 = Release|iPhone
		{72B19B36-77AB-42E6-8D80-11FA57DDAB5D}.Release|iPhone.Deploy.0 = Release|iPhone
		{72B19B36-77AB-42E6-8D80-11FA57DDAB5D}.Release|iPhoneSimulator.ActiveCfg = Release|iPhoneSimulator
		{72B19B36-77AB-42E6-8D80-11FA57DDAB5D}.Release|iPhoneSimulator.Build.0 = Release|iPhoneSimulator
		{72B19B36-77AB-42E6-8D80-11FA57DDAB5D}.Release|iPhoneSimulator.Deploy.0 = Release|iPhoneSimulator
		{72B19B36-77AB-42E6-8D80-11FA57DDAB5D}.Release|x64.ActiveCfg = Release|iPhone
		{72B19B36-77AB-42E6-8D80-11FA57DDAB5D}.Release|x64.Build.0 = Release|iPhone
		{72B19B36-77AB-42E6-8D80-11FA57DDAB5D}.Release|x64.Deploy.0 = Release|iPhone
		{72B19B36-77AB-42E6-8D80-11FA57DDAB5D}.Release|x86.ActiveCfg = Release|iPhone
		{72B19B36-77AB-42E6-8D80-11FA57DDAB5D}.Release|x86.Build.0 = Release|iPhone
		{72B19B36-77AB-42E6-8D80-11FA57DDAB5D}.Release|x86.Deploy.0 = Release|iPhone
		{2CBEE74A-B404-4577-9D45-619D3E3933DC}.Debug|Any CPU.ActiveCfg = Debug|Any CPU
		{2CBEE74A-B404-4577-9D45-619D3E3933DC}.Debug|Any CPU.Build.0 = Debug|Any CPU
		{2CBEE74A-B404-4577-9D45-619D3E3933DC}.Debug|Any CPU.Deploy.0 = Debug|Any CPU
		{2CBEE74A-B404-4577-9D45-619D3E3933DC}.Debug|ARM.ActiveCfg = Debug|Any CPU
		{2CBEE74A-B404-4577-9D45-619D3E3933DC}.Debug|ARM.Build.0 = Debug|Any CPU
		{2CBEE74A-B404-4577-9D45-619D3E3933DC}.Debug|ARM.Deploy.0 = Debug|Any CPU
		{2CBEE74A-B404-4577-9D45-619D3E3933DC}.Debug|iPhone.ActiveCfg = Debug|Any CPU
		{2CBEE74A-B404-4577-9D45-619D3E3933DC}.Debug|iPhone.Build.0 = Debug|Any CPU
		{2CBEE74A-B404-4577-9D45-619D3E3933DC}.Debug|iPhone.Deploy.0 = Debug|Any CPU
		{2CBEE74A-B404-4577-9D45-619D3E3933DC}.Debug|iPhoneSimulator.ActiveCfg = Debug|Any CPU
		{2CBEE74A-B404-4577-9D45-619D3E3933DC}.Debug|iPhoneSimulator.Build.0 = Debug|Any CPU
		{2CBEE74A-B404-4577-9D45-619D3E3933DC}.Debug|iPhoneSimulator.Deploy.0 = Debug|Any CPU
		{2CBEE74A-B404-4577-9D45-619D3E3933DC}.Debug|x64.ActiveCfg = Debug|Any CPU
		{2CBEE74A-B404-4577-9D45-619D3E3933DC}.Debug|x64.Build.0 = Debug|Any CPU
		{2CBEE74A-B404-4577-9D45-619D3E3933DC}.Debug|x64.Deploy.0 = Debug|Any CPU
		{2CBEE74A-B404-4577-9D45-619D3E3933DC}.Debug|x86.ActiveCfg = Debug|Any CPU
		{2CBEE74A-B404-4577-9D45-619D3E3933DC}.Debug|x86.Build.0 = Debug|Any CPU
		{2CBEE74A-B404-4577-9D45-619D3E3933DC}.Debug|x86.Deploy.0 = Debug|Any CPU
		{2CBEE74A-B404-4577-9D45-619D3E3933DC}.Release|Any CPU.ActiveCfg = Release|Any CPU
		{2CBEE74A-B404-4577-9D45-619D3E3933DC}.Release|Any CPU.Build.0 = Release|Any CPU
		{2CBEE74A-B404-4577-9D45-619D3E3933DC}.Release|Any CPU.Deploy.0 = Release|Any CPU
		{2CBEE74A-B404-4577-9D45-619D3E3933DC}.Release|ARM.ActiveCfg = Release|Any CPU
		{2CBEE74A-B404-4577-9D45-619D3E3933DC}.Release|ARM.Build.0 = Release|Any CPU
		{2CBEE74A-B404-4577-9D45-619D3E3933DC}.Release|ARM.Deploy.0 = Release|Any CPU
		{2CBEE74A-B404-4577-9D45-619D3E3933DC}.Release|iPhone.ActiveCfg = Release|Any CPU
		{2CBEE74A-B404-4577-9D45-619D3E3933DC}.Release|iPhone.Build.0 = Release|Any CPU
		{2CBEE74A-B404-4577-9D45-619D3E3933DC}.Release|iPhone.Deploy.0 = Release|Any CPU
		{2CBEE74A-B404-4577-9D45-619D3E3933DC}.Release|iPhoneSimulator.ActiveCfg = Release|Any CPU
		{2CBEE74A-B404-4577-9D45-619D3E3933DC}.Release|iPhoneSimulator.Build.0 = Release|Any CPU
		{2CBEE74A-B404-4577-9D45-619D3E3933DC}.Release|iPhoneSimulator.Deploy.0 = Release|Any CPU
		{2CBEE74A-B404-4577-9D45-619D3E3933DC}.Release|x64.ActiveCfg = Release|Any CPU
		{2CBEE74A-B404-4577-9D45-619D3E3933DC}.Release|x64.Build.0 = Release|Any CPU
		{2CBEE74A-B404-4577-9D45-619D3E3933DC}.Release|x64.Deploy.0 = Release|Any CPU
		{2CBEE74A-B404-4577-9D45-619D3E3933DC}.Release|x86.ActiveCfg = Release|Any CPU
		{2CBEE74A-B404-4577-9D45-619D3E3933DC}.Release|x86.Build.0 = Release|Any CPU
		{2CBEE74A-B404-4577-9D45-619D3E3933DC}.Release|x86.Deploy.0 = Release|Any CPU
	EndGlobalSection
	GlobalSection(SolutionProperties) = preSolution
		HideSolutionNode = FALSE
	EndGlobalSection
	GlobalSection(ExtensibilityGlobals) = postSolution
		SolutionGuid = {C1276733-6A87-4149-B410-4A5FBAF051C5}
	EndGlobalSection
EndGlobal
